// !$*UTF8*$!
{
	archiveVersion = 1;
	classes = {
	};
	objectVersion = 46;
	objects = {

/* Begin PBXBuildFile section */
		15A3C74315C1B04000A6A5BE /* UIKit.framework in Frameworks */ = {isa = PBXBuildFile; fileRef = 15A3C74215C1B04000A6A5BE /* UIKit.framework */; };
		15A3C74515C1B04000A6A5BE /* Foundation.framework in Frameworks */ = {isa = PBXBuildFile; fileRef = 15A3C74415C1B04000A6A5BE /* Foundation.framework */; };
		15A3C74715C1B04000A6A5BE /* CoreGraphics.framework in Frameworks */ = {isa = PBXBuildFile; fileRef = 15A3C74615C1B04000A6A5BE /* CoreGraphics.framework */; };
		15A3C74D15C1B04000A6A5BE /* InfoPlist.strings in Resources */ = {isa = PBXBuildFile; fileRef = 15A3C74B15C1B04000A6A5BE /* InfoPlist.strings */; };
		15A3C74F15C1B04000A6A5BE /* main.m in Sources */ = {isa = PBXBuildFile; fileRef = 15A3C74E15C1B04000A6A5BE /* main.m */; };
		15A3C75315C1B04000A6A5BE /* REDAppDelegate.m in Sources */ = {isa = PBXBuildFile; fileRef = 15A3C75215C1B04000A6A5BE /* REDAppDelegate.m */; };
		15A3C75615C1B04000A6A5BE /* MainStoryboard_iPhone.storyboard in Resources */ = {isa = PBXBuildFile; fileRef = 15A3C75415C1B04000A6A5BE /* MainStoryboard_iPhone.storyboard */; };
		15A3C75915C1B04000A6A5BE /* MainStoryboard_iPad.storyboard in Resources */ = {isa = PBXBuildFile; fileRef = 15A3C75715C1B04000A6A5BE /* MainStoryboard_iPad.storyboard */; };
		15A3C75C15C1B04000A6A5BE /* REDViewController.m in Sources */ = {isa = PBXBuildFile; fileRef = 15A3C75B15C1B04000A6A5BE /* REDViewController.m */; };
		15A3C76415C1B5E100A6A5BE /* 97-hl.png in Resources */ = {isa = PBXBuildFile; fileRef = 15A3C76215C1B5E100A6A5BE /* 97-hl.png */; };
		15A3C76515C1B5E100A6A5BE /* 97.png in Resources */ = {isa = PBXBuildFile; fileRef = 15A3C76315C1B5E100A6A5BE /* 97.png */; };
		15A3C76815C1B86A00A6A5BE /* 99-hl.png in Resources */ = {isa = PBXBuildFile; fileRef = 15A3C76615C1B86A00A6A5BE /* 99-hl.png */; };
		15A3C76915C1B86A00A6A5BE /* 99.png in Resources */ = {isa = PBXBuildFile; fileRef = 15A3C76715C1B86A00A6A5BE /* 99.png */; };
/* End PBXBuildFile section */

/* Begin PBXFileReference section */
		15A3C73E15C1B04000A6A5BE /* ImageButtons.app */ = {isa = PBXFileReference; explicitFileType = wrapper.application; includeInIndex = 0; path = ImageButtons.app; sourceTree = BUILT_PRODUCTS_DIR; };
		15A3C74215C1B04000A6A5BE /* UIKit.framework */ = {isa = PBXFileReference; lastKnownFileType = wrapper.framework; name = UIKit.framework; path = System/Library/Frameworks/UIKit.framework; sourceTree = SDKROOT; };
		15A3C74415C1B04000A6A5BE /* Foundation.framework */ = {isa = PBXFileReference; lastKnownFileType = wrapper.framework; name = Foundation.framework; path = System/Library/Frameworks/Foundation.framework; sourceTree = SDKROOT; };
		15A3C74615C1B04000A6A5BE /* CoreGraphics.framework */ = {isa = PBXFileReference; lastKnownFileType = wrapper.framework; name = CoreGraphics.framework; path = System/Library/Frameworks/CoreGraphics.framework; sourceTree = SDKROOT; };
		15A3C74A15C1B04000A6A5BE /* ImageButtons-Info.plist */ = {isa = PBXFileReference; lastKnownFileType = text.plist.xml; path = "ImageButtons-Info.plist"; sourceTree = "<group>"; };
		15A3C74C15C1B04000A6A5BE /* en */ = {isa = PBXFileReference; lastKnownFileType = text.plist.strings; name = en; path = en.lproj/InfoPlist.strings; sourceTree = "<group>"; };
		15A3C74E15C1B04000A6A5BE /* main.m */ = {isa = PBXFileReference; lastKnownFileType = sourcecode.c.objc; path = main.m; sourceTree = "<group>"; };
		15A3C75015C1B04000A6A5BE /* ImageButtons-Prefix.pch */ = {isa = PBXFileReference; lastKnownFileType = sourcecode.c.h; path = "ImageButtons-Prefix.pch"; sourceTree = "<group>"; };
		15A3C75115C1B04000A6A5BE /* REDAppDelegate.h */ = {isa = PBXFileReference; lastKnownFileType = sourcecode.c.h; path = REDAppDelegate.h; sourceTree = "<group>"; };
		15A3C75215C1B04000A6A5BE /* REDAppDelegate.m */ = {isa = PBXFileReference; lastKnownFileType = sourcecode.c.objc; path = REDAppDelegate.m; sourceTree = "<group>"; };
		15A3C75515C1B04000A6A5BE /* en */ = {isa = PBXFileReference; lastKnownFileType = file.storyboard; name = en; path = en.lproj/MainStoryboard_iPhone.storyboard; sourceTree = "<group>"; };
		15A3C75815C1B04000A6A5BE /* en */ = {isa = PBXFileReference; lastKnownFileType = file.storyboard; name = en; path = en.lproj/MainStoryboard_iPad.storyboard; sourceTree = "<group>"; };
		15A3C75A15C1B04000A6A5BE /* REDViewController.h */ = {isa = PBXFileReference; lastKnownFileType = sourcecode.c.h; path = REDViewController.h; sourceTree = "<group>"; };
		15A3C75B15C1B04000A6A5BE /* REDViewController.m */ = {isa = PBXFileReference; lastKnownFileType = sourcecode.c.objc; path = REDViewController.m; sourceTree = "<group>"; };
		15A3C76215C1B5E100A6A5BE /* 97-hl.png */ = {isa = PBXFileReference; lastKnownFileType = image.png; path = "97-hl.png"; sourceTree = "<group>"; };
		15A3C76315C1B5E100A6A5BE /* 97.png */ = {isa = PBXFileReference; lastKnownFileType = image.png; path = 97.png; sourceTree = "<group>"; };
		15A3C76615C1B86A00A6A5BE /* 99-hl.png */ = {isa = PBXFileReference; lastKnownFileType = image.png; path = "99-hl.png"; sourceTree = "<group>"; };
		15A3C76715C1B86A00A6A5BE /* 99.png */ = {isa = PBXFileReference; lastKnownFileType = image.png; path = 99.png; sourceTree = "<group>"; };
/* End PBXFileReference section */

/* Begin PBXFrameworksBuildPhase section */
		15A3C73B15C1B04000A6A5BE /* Frameworks */ = {
			isa = PBXFrameworksBuildPhase;
			buildActionMask = 2147483647;
			files = (
				15A3C74315C1B04000A6A5BE /* UIKit.framework in Frameworks */,
				15A3C74515C1B04000A6A5BE /* Foundation.framework in Frameworks */,
				15A3C74715C1B04000A6A5BE /* CoreGraphics.framework in Frameworks */,
			);
			runOnlyForDeploymentPostprocessing = 0;
		};
/* End PBXFrameworksBuildPhase section */

/* Begin PBXGroup section */
		15A3C73315C1B04000A6A5BE = {
			isa = PBXGroup;
			children = (
				15A3C74815C1B04000A6A5BE /* ImageButtons */,
				15A3C74115C1B04000A6A5BE /* Frameworks */,
				15A3C73F15C1B04000A6A5BE /* Products */,
			);
			sourceTree = "<group>";
		};
		15A3C73F15C1B04000A6A5BE /* Products */ = {
			isa = PBXGroup;
			children = (
				15A3C73E15C1B04000A6A5BE /* ImageButtons.app */,
			);
			name = Products;
			sourceTree = "<group>";
		};
		15A3C74115C1B04000A6A5BE /* Frameworks */ = {
			isa = PBXGroup;
			children = (
				15A3C74215C1B04000A6A5BE /* UIKit.framework */,
				15A3C74415C1B04000A6A5BE /* Foundation.framework */,
				15A3C74615C1B04000A6A5BE /* CoreGraphics.framework */,
			);
			name = Frameworks;
			sourceTree = "<group>";
		};
		15A3C74815C1B04000A6A5BE /* ImageButtons */ = {
			isa = PBXGroup;
			children = (
				15A3C76615C1B86A00A6A5BE /* 99-hl.png */,
				15A3C76715C1B86A00A6A5BE /* 99.png */,
				15A3C76215C1B5E100A6A5BE /* 97-hl.png */,
				15A3C76315C1B5E100A6A5BE /* 97.png */,
				15A3C75115C1B04000A6A5BE /* REDAppDelegate.h */,
				15A3C75215C1B04000A6A5BE /* REDAppDelegate.m */,
				15A3C75415C1B04000A6A5BE /* MainStoryboard_iPhone.storyboard */,
				15A3C75715C1B04000A6A5BE /* MainStoryboard_iPad.storyboard */,
				15A3C75A15C1B04000A6A5BE /* REDViewController.h */,
				15A3C75B15C1B04000A6A5BE /* REDViewController.m */,
				15A3C74915C1B04000A6A5BE /* Supporting Files */,
			);
			path = ImageButtons;
			sourceTree = "<group>";
		};
		15A3C74915C1B04000A6A5BE /* Supporting Files */ = {
			isa = PBXGroup;
			children = (
				15A3C74A15C1B04000A6A5BE /* ImageButtons-Info.plist */,
				15A3C74B15C1B04000A6A5BE /* InfoPlist.strings */,
				15A3C74E15C1B04000A6A5BE /* main.m */,
				15A3C75015C1B04000A6A5BE /* ImageButtons-Prefix.pch */,
			);
			name = "Supporting Files";
			sourceTree = "<group>";
		};
/* End PBXGroup section */

/* Begin PBXNativeTarget section */
		15A3C73D15C1B04000A6A5BE /* ImageButtons */ = {
			isa = PBXNativeTarget;
			buildConfigurationList = 15A3C75F15C1B04000A6A5BE /* Build configuration list for PBXNativeTarget "ImageButtons" */;
			buildPhases = (
				15A3C73A15C1B04000A6A5BE /* Sources */,
				15A3C73B15C1B04000A6A5BE /* Frameworks */,
				15A3C73C15C1B04000A6A5BE /* Resources */,
			);
			buildRules = (
			);
			dependencies = (
			);
			name = ImageButtons;
			productName = ImageButtons;
			productReference = 15A3C73E15C1B04000A6A5BE /* ImageButtons.app */;
			productType = "com.apple.product-type.application";
		};
/* End PBXNativeTarget section */

/* Begin PBXProject section */
		15A3C73515C1B04000A6A5BE /* Project object */ = {
			isa = PBXProject;
			attributes = {
				CLASSPREFIX = RED;
				LastUpgradeCheck = 0430;
				ORGANIZATIONNAME = "Operation Red LLC";
			};
			buildConfigurationList = 15A3C73815C1B04000A6A5BE /* Build configuration list for PBXProject "ImageButtons" */;
			compatibilityVersion = "Xcode 3.2";
			developmentRegion = English;
			hasScannedForEncodings = 0;
			knownRegions = (
				en,
			);
			mainGroup = 15A3C73315C1B04000A6A5BE;
			productRefGroup = 15A3C73F15C1B04000A6A5BE /* Products */;
			projectDirPath = "";
			projectRoot = "";
			targets = (
				15A3C73D15C1B04000A6A5BE /* ImageButtons */,
			);
		};
/* End PBXProject section */

/* Begin PBXResourcesBuildPhase section */
		15A3C73C15C1B04000A6A5BE /* Resources */ = {
			isa = PBXResourcesBuildPhase;
			buildActionMask = 2147483647;
			files = (
				15A3C74D15C1B04000A6A5BE /* InfoPlist.strings in Resources */,
				15A3C75615C1B04000A6A5BE /* MainStoryboard_iPhone.storyboard in Resources */,
				15A3C75915C1B04000A6A5BE /* MainStoryboard_iPad.storyboard in Resources */,
				15A3C76415C1B5E100A6A5BE /* 97-hl.png in Resources */,
				15A3C76515C1B5E100A6A5BE /* 97.png in Resources */,
				15A3C76815C1B86A00A6A5BE /* 99-hl.png in Resources */,
				15A3C76915C1B86A00A6A5BE /* 99.png in Resources */,
			);
			runOnlyForDeploymentPostprocessing = 0;
		};
/* End PBXResourcesBuildPhase section */

/* Begin PBXSourcesBuildPhase section */
		15A3C73A15C1B04000A6A5BE /* Sources */ = {
			isa = PBXSourcesBuildPhase;
			buildActionMask = 2147483647;
			files = (
				15A3C74F15C1B04000A6A5BE /* main.m in Sources */,
				15A3C75315C1B04000A6A5BE /* REDAppDelegate.m in Sources */,
				15A3C75C15C1B04000A6A5BE /* REDViewController.m in Sources */,
			);
			runOnlyForDeploymentPostprocessing = 0;
		};
/* End PBXSourcesBuildPhase section */

/* Begin PBXVariantGroup section */
		15A3C74B15C1B04000A6A5BE /* InfoPlist.strings */ = {
			isa = PBXVariantGroup;
			children = (
				15A3C74C15C1B04000A6A5BE /* en */,
			);
			name = InfoPlist.strings;
			sourceTree = "<group>";
		};
		15A3C75415C1B04000A6A5BE /* MainStoryboard_iPhone.storyboard */ = {
			isa = PBXVariantGroup;
			children = (
				15A3C75515C1B04000A6A5BE /* en */,
			);
			name = MainStoryboard_iPhone.storyboard;
			sourceTree = "<group>";
		};
		15A3C75715C1B04000A6A5BE /* MainStoryboard_iPad.storyboard */ = {
			isa = PBXVariantGroup;
			children = (
				15A3C75815C1B04000A6A5BE /* en */,
			);
			name = MainStoryboard_iPad.storyboard;
			sourceTree = "<group>";
		};
/* End PBXVariantGroup section */

/* Begin XCBuildConfiguration section */
		15A3C75D15C1B04000A6A5BE /* Debug */ = {
			isa = XCBuildConfiguration;
			buildSettings = {
				ALWAYS_SEARCH_USER_PATHS = NO;
				ARCHS = "$(ARCHS_STANDARD_32_BIT)";
				CLANG_ENABLE_OBJC_ARC = YES;
				"CODE_SIGN_IDENTITY[sdk=iphoneos*]" = "iPhone Developer";
				COPY_PHASE_STRIP = NO;
				GCC_C_LANGUAGE_STANDARD = gnu99;
				GCC_DYNAMIC_NO_PIC = NO;
				GCC_OPTIMIZATION_LEVEL = 0;
				GCC_PREPROCESSOR_DEFINITIONS = (
					"DEBUG=1",
					"$(inherited)",
				);
				GCC_SYMBOLS_PRIVATE_EXTERN = NO;
				GCC_VERSION = com.apple.compilers.llvm.clang.1_0;
				GCC_WARN_ABOUT_RETURN_TYPE = YES;
				GCC_WARN_UNINITIALIZED_AUTOS = YES;
				GCC_WARN_UNUSED_VARIABLE = YES;
				IPHONEOS_DEPLOYMENT_TARGET = 5.1;
				SDKROOT = iphoneos;
				TARGETED_DEVICE_FAMILY = "1,2";
			};
			name = Debug;
		};
		15A3C75E15C1B04000A6A5BE /* Release */ = {
			isa = XCBuildConfiguration;
			buildSettings = {
				ALWAYS_SEARCH_USER_PATHS = NO;
				ARCHS = "$(ARCHS_STANDARD_32_BIT)";
				CLANG_ENABLE_OBJC_ARC = YES;
				"CODE_SIGN_IDENTITY[sdk=iphoneos*]" = "iPhone Developer";
				COPY_PHASE_STRIP = YES;
				GCC_C_LANGUAGE_STANDARD = gnu99;
				GCC_VERSION = com.apple.compilers.llvm.clang.1_0;
				GCC_WARN_ABOUT_RETURN_TYPE = YES;
				GCC_WARN_UNINITIALIZED_AUTOS = YES;
				GCC_WARN_UNUSED_VARIABLE = YES;
				IPHONEOS_DEPLOYMENT_TARGET = 5.1;
				OTHER_CFLAGS = "-DNS_BLOCK_ASSERTIONS=1";
				SDKROOT = iphoneos;
				TARGETED_DEVICE_FAMILY = "1,2";
				VALIDATE_PRODUCT = YES;
			};
			name = Release;
		};
		15A3C76015C1B04000A6A5BE /* Debug */ = {
			isa = XCBuildConfiguration;
			buildSettings = {
				GCC_PRECOMPILE_PREFIX_HEADER = YES;
				GCC_PREFIX_HEADER = "ImageButtons/ImageButtons-Prefix.pch";
				INFOPLIST_FILE = "ImageButtons/ImageButtons-Info.plist";
				PRODUCT_NAME = "$(TARGET_NAME)";
				WRAPPER_EXTENSION = app;
			};
			name = Debug;
		};
		15A3C76115C1B04000A6A5BE /* Release */ = {
			isa = XCBuildConfiguration;
			buildSettings = {
				GCC_PRECOMPILE_PREFIX_HEADER = YES;
				GCC_PREFIX_HEADER = "ImageButtons/ImageButtons-Prefix.pch";
				INFOPLIST_FILE = "ImageButtons/ImageButtons-Info.plist";
				PRODUCT_NAME = "$(TARGET_NAME)";
				WRAPPER_EXTENSION = app;
			};
			name = Release;
		};
/* End XCBuildConfiguration section */

/* Begin XCConfigurationList section */
		15A3C73815C1B04000A6A5BE /* Build configuration list for PBXProject "ImageButtons" */ = {
			isa = XCConfigurationList;
			buildConfigurations = (
				15A3C75D15C1B04000A6A5BE /* Debug */,
				15A3C75E15C1B04000A6A5BE /* Release */,
			);
			defaultConfigurationIsVisible = 0;
			defaultConfigurationName = Release;
		};
		15A3C75F15C1B04000A6A5BE /* Build configuration list for PBXNativeTarget "ImageButtons" */ = {
			isa = XCConfigurationList;
			buildConfigurations = (
				15A3C76015C1B04000A6A5BE /* Debug */,
				15A3C76115C1B04000A6A5BE /* Release */,
			);
			defaultConfigurationIsVisible = 0;
		};
/* End XCConfigurationList section */
	};
	rootObject = 15A3C73515C1B04000A6A5BE /* Project object */;
}
