// !$*UTF8*$!
{
	archiveVersion = 1;
	classes = {
	};
	objectVersion = 46;
	objects = {

/* Begin PBXBuildFile section */
		158E814515BDFA3100F86018 /* UIKit.framework in Frameworks */ = {isa = PBXBuildFile; fileRef = 158E814415BDFA3100F86018 /* UIKit.framework */; };
		158E814715BDFA3100F86018 /* Foundation.framework in Frameworks */ = {isa = PBXBuildFile; fileRef = 158E814615BDFA3100F86018 /* Foundation.framework */; };
		158E814915BDFA3100F86018 /* CoreGraphics.framework in Frameworks */ = {isa = PBXBuildFile; fileRef = 158E814815BDFA3100F86018 /* CoreGraphics.framework */; };
		158E814F15BDFA3100F86018 /* InfoPlist.strings in Resources */ = {isa = PBXBuildFile; fileRef = 158E814D15BDFA3100F86018 /* InfoPlist.strings */; };
		158E815115BDFA3100F86018 /* main.m in Sources */ = {isa = PBXBuildFile; fileRef = 158E815015BDFA3100F86018 /* main.m */; };
		158E815515BDFA3100F86018 /* REDAppDelegate.m in Sources */ = {isa = PBXBuildFile; fileRef = 158E815415BDFA3100F86018 /* REDAppDelegate.m */; };
		158E815815BDFA3100F86018 /* MainStoryboard_iPhone.storyboard in Resources */ = {isa = PBXBuildFile; fileRef = 158E815615BDFA3100F86018 /* MainStoryboard_iPhone.storyboard */; };
		158E815B15BDFA3100F86018 /* MainStoryboard_iPad.storyboard in Resources */ = {isa = PBXBuildFile; fileRef = 158E815915BDFA3100F86018 /* MainStoryboard_iPad.storyboard */; };
		158E815E15BDFA3100F86018 /* REDViewController.m in Sources */ = {isa = PBXBuildFile; fileRef = 158E815D15BDFA3100F86018 /* REDViewController.m */; };
		158E816615BDFA3100F86018 /* SenTestingKit.framework in Frameworks */ = {isa = PBXBuildFile; fileRef = 158E816515BDFA3100F86018 /* SenTestingKit.framework */; };
		158E816715BDFA3100F86018 /* UIKit.framework in Frameworks */ = {isa = PBXBuildFile; fileRef = 158E814415BDFA3100F86018 /* UIKit.framework */; };
		158E816815BDFA3100F86018 /* Foundation.framework in Frameworks */ = {isa = PBXBuildFile; fileRef = 158E814615BDFA3100F86018 /* Foundation.framework */; };
		158E817015BDFA3100F86018 /* InfoPlist.strings in Resources */ = {isa = PBXBuildFile; fileRef = 158E816E15BDFA3100F86018 /* InfoPlist.strings */; };
		158E817315BDFA3100F86018 /* KarenPadTests.m in Sources */ = {isa = PBXBuildFile; fileRef = 158E817215BDFA3100F86018 /* KarenPadTests.m */; };
		158E818E15BEDA9E00F86018 /* Kstdn.ttf in Resources */ = {isa = PBXBuildFile; fileRef = 158E818D15BEDA9E00F86018 /* Kstdn.ttf */; };
/* End PBXBuildFile section */

/* Begin PBXContainerItemProxy section */
		158E816915BDFA3100F86018 /* PBXContainerItemProxy */ = {
			isa = PBXContainerItemProxy;
			containerPortal = 158E813715BDFA3100F86018 /* Project object */;
			proxyType = 1;
			remoteGlobalIDString = 158E813F15BDFA3100F86018;
			remoteInfo = KarenPad;
		};
/* End PBXContainerItemProxy section */

/* Begin PBXFileReference section */
		158E814015BDFA3100F86018 /* KarenPad.app */ = {isa = PBXFileReference; explicitFileType = wrapper.application; includeInIndex = 0; path = KarenPad.app; sourceTree = BUILT_PRODUCTS_DIR; };
		158E814415BDFA3100F86018 /* UIKit.framework */ = {isa = PBXFileReference; lastKnownFileType = wrapper.framework; name = UIKit.framework; path = System/Library/Frameworks/UIKit.framework; sourceTree = SDKROOT; };
		158E814615BDFA3100F86018 /* Foundation.framework */ = {isa = PBXFileReference; lastKnownFileType = wrapper.framework; name = Foundation.framework; path = System/Library/Frameworks/Foundation.framework; sourceTree = SDKROOT; };
		158E814815BDFA3100F86018 /* CoreGraphics.framework */ = {isa = PBXFileReference; lastKnownFileType = wrapper.framework; name = CoreGraphics.framework; path = System/Library/Frameworks/CoreGraphics.framework; sourceTree = SDKROOT; };
		158E814C15BDFA3100F86018 /* KarenPad-Info.plist */ = {isa = PBXFileReference; lastKnownFileType = text.plist.xml; path = "KarenPad-Info.plist"; sourceTree = "<group>"; };
		158E814E15BDFA3100F86018 /* en */ = {isa = PBXFileReference; lastKnownFileType = text.plist.strings; name = en; path = en.lproj/InfoPlist.strings; sourceTree = "<group>"; };
		158E815015BDFA3100F86018 /* main.m */ = {isa = PBXFileReference; lastKnownFileType = sourcecode.c.objc; path = main.m; sourceTree = "<group>"; };
		158E815215BDFA3100F86018 /* KarenPad-Prefix.pch */ = {isa = PBXFileReference; lastKnownFileType = sourcecode.c.h; path = "KarenPad-Prefix.pch"; sourceTree = "<group>"; };
		158E815315BDFA3100F86018 /* REDAppDelegate.h */ = {isa = PBXFileReference; lastKnownFileType = sourcecode.c.h; path = REDAppDelegate.h; sourceTree = "<group>"; };
		158E815415BDFA3100F86018 /* REDAppDelegate.m */ = {isa = PBXFileReference; lastKnownFileType = sourcecode.c.objc; path = REDAppDelegate.m; sourceTree = "<group>"; };
		158E815715BDFA3100F86018 /* en */ = {isa = PBXFileReference; lastKnownFileType = file.storyboard; name = en; path = en.lproj/MainStoryboard_iPhone.storyboard; sourceTree = "<group>"; };
		158E815A15BDFA3100F86018 /* en */ = {isa = PBXFileReference; lastKnownFileType = file.storyboard; name = en; path = en.lproj/MainStoryboard_iPad.storyboard; sourceTree = "<group>"; };
		158E815C15BDFA3100F86018 /* REDViewController.h */ = {isa = PBXFileReference; lastKnownFileType = sourcecode.c.h; path = REDViewController.h; sourceTree = "<group>"; };
		158E815D15BDFA3100F86018 /* REDViewController.m */ = {isa = PBXFileReference; lastKnownFileType = sourcecode.c.objc; path = REDViewController.m; sourceTree = "<group>"; };
		158E816415BDFA3100F86018 /* KarenPadTests.octest */ = {isa = PBXFileReference; explicitFileType = wrapper.cfbundle; includeInIndex = 0; path = KarenPadTests.octest; sourceTree = BUILT_PRODUCTS_DIR; };
		158E816515BDFA3100F86018 /* SenTestingKit.framework */ = {isa = PBXFileReference; lastKnownFileType = wrapper.framework; name = SenTestingKit.framework; path = Library/Frameworks/SenTestingKit.framework; sourceTree = DEVELOPER_DIR; };
		158E816D15BDFA3100F86018 /* KarenPadTests-Info.plist */ = {isa = PBXFileReference; lastKnownFileType = text.plist.xml; path = "KarenPadTests-Info.plist"; sourceTree = "<group>"; };
		158E816F15BDFA3100F86018 /* en */ = {isa = PBXFileReference; lastKnownFileType = text.plist.strings; name = en; path = en.lproj/InfoPlist.strings; sourceTree = "<group>"; };
		158E817115BDFA3100F86018 /* KarenPadTests.h */ = {isa = PBXFileReference; lastKnownFileType = sourcecode.c.h; path = KarenPadTests.h; sourceTree = "<group>"; };
		158E817215BDFA3100F86018 /* KarenPadTests.m */ = {isa = PBXFileReference; lastKnownFileType = sourcecode.c.objc; path = KarenPadTests.m; sourceTree = "<group>"; };
		158E818D15BEDA9E00F86018 /* Kstdn.ttf */ = {isa = PBXFileReference; lastKnownFileType = file; name = Kstdn.ttf; path = ../Kstdn.ttf; sourceTree = "<group>"; };
/* End PBXFileReference section */

/* Begin PBXFrameworksBuildPhase section */
		158E813D15BDFA3100F86018 /* Frameworks */ = {
			isa = PBXFrameworksBuildPhase;
			buildActionMask = 2147483647;
			files = (
				158E814515BDFA3100F86018 /* UIKit.framework in Frameworks */,
				158E814715BDFA3100F86018 /* Foundation.framework in Frameworks */,
				158E814915BDFA3100F86018 /* CoreGraphics.framework in Frameworks */,
			);
			runOnlyForDeploymentPostprocessing = 0;
		};
		158E816015BDFA3100F86018 /* Frameworks */ = {
			isa = PBXFrameworksBuildPhase;
			buildActionMask = 2147483647;
			files = (
				158E816615BDFA3100F86018 /* SenTestingKit.framework in Frameworks */,
				158E816715BDFA3100F86018 /* UIKit.framework in Frameworks */,
				158E816815BDFA3100F86018 /* Foundation.framework in Frameworks */,
			);
			runOnlyForDeploymentPostprocessing = 0;
		};
/* End PBXFrameworksBuildPhase section */

/* Begin PBXGroup section */
		158E813515BDFA3100F86018 = {
			isa = PBXGroup;
			children = (
				158E814A15BDFA3100F86018 /* KarenPad */,
				158E816B15BDFA3100F86018 /* KarenPadTests */,
				158E814315BDFA3100F86018 /* Frameworks */,
				158E814115BDFA3100F86018 /* Products */,
			);
			sourceTree = "<group>";
		};
		158E814115BDFA3100F86018 /* Products */ = {
			isa = PBXGroup;
			children = (
				158E814015BDFA3100F86018 /* KarenPad.app */,
				158E816415BDFA3100F86018 /* KarenPadTests.octest */,
			);
			name = Products;
			sourceTree = "<group>";
		};
		158E814315BDFA3100F86018 /* Frameworks */ = {
			isa = PBXGroup;
			children = (
				158E814415BDFA3100F86018 /* UIKit.framework */,
				158E814615BDFA3100F86018 /* Foundation.framework */,
				158E814815BDFA3100F86018 /* CoreGraphics.framework */,
				158E816515BDFA3100F86018 /* SenTestingKit.framework */,
			);
			name = Frameworks;
			sourceTree = "<group>";
		};
		158E814A15BDFA3100F86018 /* KarenPad */ = {
			isa = PBXGroup;
			children = (
				158E815315BDFA3100F86018 /* REDAppDelegate.h */,
				158E815415BDFA3100F86018 /* REDAppDelegate.m */,
				158E815615BDFA3100F86018 /* MainStoryboard_iPhone.storyboard */,
				158E815915BDFA3100F86018 /* MainStoryboard_iPad.storyboard */,
				158E815C15BDFA3100F86018 /* REDViewController.h */,
				158E815D15BDFA3100F86018 /* REDViewController.m */,
				158E814B15BDFA3100F86018 /* Supporting Files */,
			);
			path = KarenPad;
			sourceTree = "<group>";
		};
		158E814B15BDFA3100F86018 /* Supporting Files */ = {
			isa = PBXGroup;
			children = (
				158E818D15BEDA9E00F86018 /* Kstdn.ttf */,
				158E814C15BDFA3100F86018 /* KarenPad-Info.plist */,
				158E814D15BDFA3100F86018 /* InfoPlist.strings */,
				158E815015BDFA3100F86018 /* main.m */,
				158E815215BDFA3100F86018 /* KarenPad-Prefix.pch */,
			);
			name = "Supporting Files";
			sourceTree = "<group>";
		};
		158E816B15BDFA3100F86018 /* KarenPadTests */ = {
			isa = PBXGroup;
			children = (
				158E817115BDFA3100F86018 /* KarenPadTests.h */,
				158E817215BDFA3100F86018 /* KarenPadTests.m */,
				158E816C15BDFA3100F86018 /* Supporting Files */,
			);
			path = KarenPadTests;
			sourceTree = "<group>";
		};
		158E816C15BDFA3100F86018 /* Supporting Files */ = {
			isa = PBXGroup;
			children = (
				158E816D15BDFA3100F86018 /* KarenPadTests-Info.plist */,
				158E816E15BDFA3100F86018 /* InfoPlist.strings */,
			);
			name = "Supporting Files";
			sourceTree = "<group>";
		};
/* End PBXGroup section */

/* Begin PBXNativeTarget section */
		158E813F15BDFA3100F86018 /* KarenPad */ = {
			isa = PBXNativeTarget;
			buildConfigurationList = 158E817615BDFA3100F86018 /* Build configuration list for PBXNativeTarget "KarenPad" */;
			buildPhases = (
				158E813C15BDFA3100F86018 /* Sources */,
				158E813D15BDFA3100F86018 /* Frameworks */,
				158E813E15BDFA3100F86018 /* Resources */,
			);
			buildRules = (
			);
			dependencies = (
			);
			name = KarenPad;
			productName = KarenPad;
			productReference = 158E814015BDFA3100F86018 /* KarenPad.app */;
			productType = "com.apple.product-type.application";
		};
		158E816315BDFA3100F86018 /* KarenPadTests */ = {
			isa = PBXNativeTarget;
			buildConfigurationList = 158E817915BDFA3100F86018 /* Build configuration list for PBXNativeTarget "KarenPadTests" */;
			buildPhases = (
				158E815F15BDFA3100F86018 /* Sources */,
				158E816015BDFA3100F86018 /* Frameworks */,
				158E816115BDFA3100F86018 /* Resources */,
				158E816215BDFA3100F86018 /* ShellScript */,
			);
			buildRules = (
			);
			dependencies = (
				158E816A15BDFA3100F86018 /* PBXTargetDependency */,
			);
			name = KarenPadTests;
			productName = KarenPadTests;
			productReference = 158E816415BDFA3100F86018 /* KarenPadTests.octest */;
			productType = "com.apple.product-type.bundle";
		};
/* End PBXNativeTarget section */

/* Begin PBXProject section */
		158E813715BDFA3100F86018 /* Project object */ = {
			isa = PBXProject;
			attributes = {
				CLASSPREFIX = RED;
				LastUpgradeCheck = 0430;
				ORGANIZATIONNAME = "Operation Red LLC";
			};
			buildConfigurationList = 158E813A15BDFA3100F86018 /* Build configuration list for PBXProject "KarenPad" */;
			compatibilityVersion = "Xcode 3.2";
			developmentRegion = English;
			hasScannedForEncodings = 0;
			knownRegions = (
				en,
			);
			mainGroup = 158E813515BDFA3100F86018;
			productRefGroup = 158E814115BDFA3100F86018 /* Products */;
			projectDirPath = "";
			projectRoot = "";
			targets = (
				158E813F15BDFA3100F86018 /* KarenPad */,
				158E816315BDFA3100F86018 /* KarenPadTests */,
			);
		};
/* End PBXProject section */

/* Begin PBXResourcesBuildPhase section */
		158E813E15BDFA3100F86018 /* Resources */ = {
			isa = PBXResourcesBuildPhase;
			buildActionMask = 2147483647;
			files = (
				158E814F15BDFA3100F86018 /* InfoPlist.strings in Resources */,
				158E815815BDFA3100F86018 /* MainStoryboard_iPhone.storyboard in Resources */,
				158E815B15BDFA3100F86018 /* MainStoryboard_iPad.storyboard in Resources */,
				158E818E15BEDA9E00F86018 /* Kstdn.ttf in Resources */,
			);
			runOnlyForDeploymentPostprocessing = 0;
		};
		158E816115BDFA3100F86018 /* Resources */ = {
			isa = PBXResourcesBuildPhase;
			buildActionMask = 2147483647;
			files = (
				158E817015BDFA3100F86018 /* InfoPlist.strings in Resources */,
			);
			runOnlyForDeploymentPostprocessing = 0;
		};
/* End PBXResourcesBuildPhase section */

/* Begin PBXShellScriptBuildPhase section */
		158E816215BDFA3100F86018 /* ShellScript */ = {
			isa = PBXShellScriptBuildPhase;
			buildActionMask = 2147483647;
			files = (
			);
			inputPaths = (
			);
			outputPaths = (
			);
			runOnlyForDeploymentPostprocessing = 0;
			shellPath = /bin/sh;
			shellScript = "# Run the unit tests in this test bundle.\n\"${SYSTEM_DEVELOPER_DIR}/Tools/RunUnitTests\"\n";
		};
/* End PBXShellScriptBuildPhase section */

/* Begin PBXSourcesBuildPhase section */
		158E813C15BDFA3100F86018 /* Sources */ = {
			isa = PBXSourcesBuildPhase;
			buildActionMask = 2147483647;
			files = (
				158E815115BDFA3100F86018 /* main.m in Sources */,
				158E815515BDFA3100F86018 /* REDAppDelegate.m in Sources */,
				158E815E15BDFA3100F86018 /* REDViewController.m in Sources */,
			);
			runOnlyForDeploymentPostprocessing = 0;
		};
		158E815F15BDFA3100F86018 /* Sources */ = {
			isa = PBXSourcesBuildPhase;
			buildActionMask = 2147483647;
			files = (
				158E817315BDFA3100F86018 /* KarenPadTests.m in Sources */,
			);
			runOnlyForDeploymentPostprocessing = 0;
		};
/* End PBXSourcesBuildPhase section */

/* Begin PBXTargetDependency section */
		158E816A15BDFA3100F86018 /* PBXTargetDependency */ = {
			isa = PBXTargetDependency;
			target = 158E813F15BDFA3100F86018 /* KarenPad */;
			targetProxy = 158E816915BDFA3100F86018 /* PBXContainerItemProxy */;
		};
/* End PBXTargetDependency section */

/* Begin PBXVariantGroup section */
		158E814D15BDFA3100F86018 /* InfoPlist.strings */ = {
			isa = PBXVariantGroup;
			children = (
				158E814E15BDFA3100F86018 /* en */,
			);
			name = InfoPlist.strings;
			sourceTree = "<group>";
		};
		158E815615BDFA3100F86018 /* MainStoryboard_iPhone.storyboard */ = {
			isa = PBXVariantGroup;
			children = (
				158E815715BDFA3100F86018 /* en */,
			);
			name = MainStoryboard_iPhone.storyboard;
			sourceTree = "<group>";
		};
		158E815915BDFA3100F86018 /* MainStoryboard_iPad.storyboard */ = {
			isa = PBXVariantGroup;
			children = (
				158E815A15BDFA3100F86018 /* en */,
			);
			name = MainStoryboard_iPad.storyboard;
			sourceTree = "<group>";
		};
		158E816E15BDFA3100F86018 /* InfoPlist.strings */ = {
			isa = PBXVariantGroup;
			children = (
				158E816F15BDFA3100F86018 /* en */,
			);
			name = InfoPlist.strings;
			sourceTree = "<group>";
		};
/* End PBXVariantGroup section */

/* Begin XCBuildConfiguration section */
		158E817415BDFA3100F86018 /* Debug */ = {
			isa = XCBuildConfiguration;
			buildSettings = {
				ALWAYS_SEARCH_USER_PATHS = NO;
				ARCHS = "$(ARCHS_STANDARD_32_BIT)";
				CLANG_ENABLE_OBJC_ARC = YES;
				"CODE_SIGN_IDENTITY[sdk=iphoneos*]" = "iPhone Developer";
				COPY_PHASE_STRIP = NO;
				GCC_C_LANGUAGE_STANDARD = gnu99;
				GCC_DYNAMIC_NO_PIC = NO;
				GCC_OPTIMIZATION_LEVEL = 0;
				GCC_PREPROCESSOR_DEFINITIONS = (
					"DEBUG=1",
					"$(inherited)",
				);
				GCC_SYMBOLS_PRIVATE_EXTERN = NO;
				GCC_VERSION = com.apple.compilers.llvm.clang.1_0;
				GCC_WARN_ABOUT_RETURN_TYPE = YES;
				GCC_WARN_UNINITIALIZED_AUTOS = YES;
				GCC_WARN_UNUSED_VARIABLE = YES;
				IPHONEOS_DEPLOYMENT_TARGET = 5.1;
				SDKROOT = iphoneos;
				TARGETED_DEVICE_FAMILY = "1,2";
			};
			name = Debug;
		};
		158E817515BDFA3100F86018 /* Release */ = {
			isa = XCBuildConfiguration;
			buildSettings = {
				ALWAYS_SEARCH_USER_PATHS = NO;
				ARCHS = "$(ARCHS_STANDARD_32_BIT)";
				CLANG_ENABLE_OBJC_ARC = YES;
				"CODE_SIGN_IDENTITY[sdk=iphoneos*]" = "iPhone Developer";
				COPY_PHASE_STRIP = YES;
				GCC_C_LANGUAGE_STANDARD = gnu99;
				GCC_VERSION = com.apple.compilers.llvm.clang.1_0;
				GCC_WARN_ABOUT_RETURN_TYPE = YES;
				GCC_WARN_UNINITIALIZED_AUTOS = YES;
				GCC_WARN_UNUSED_VARIABLE = YES;
				IPHONEOS_DEPLOYMENT_TARGET = 5.1;
				OTHER_CFLAGS = "-DNS_BLOCK_ASSERTIONS=1";
				SDKROOT = iphoneos;
				TARGETED_DEVICE_FAMILY = "1,2";
				VALIDATE_PRODUCT = YES;
			};
			name = Release;
		};
		158E817715BDFA3100F86018 /* Debug */ = {
			isa = XCBuildConfiguration;
			buildSettings = {
				GCC_PRECOMPILE_PREFIX_HEADER = YES;
				GCC_PREFIX_HEADER = "KarenPad/KarenPad-Prefix.pch";
				INFOPLIST_FILE = "KarenPad/KarenPad-Info.plist";
				PRODUCT_NAME = "$(TARGET_NAME)";
				TARGETED_DEVICE_FAMILY = "1,2";
				WRAPPER_EXTENSION = app;
			};
			name = Debug;
		};
		158E817815BDFA3100F86018 /* Release */ = {
			isa = XCBuildConfiguration;
			buildSettings = {
				GCC_PRECOMPILE_PREFIX_HEADER = YES;
				GCC_PREFIX_HEADER = "KarenPad/KarenPad-Prefix.pch";
				INFOPLIST_FILE = "KarenPad/KarenPad-Info.plist";
				PRODUCT_NAME = "$(TARGET_NAME)";
				TARGETED_DEVICE_FAMILY = "1,2";
				WRAPPER_EXTENSION = app;
			};
			name = Release;
		};
		158E817A15BDFA3100F86018 /* Debug */ = {
			isa = XCBuildConfiguration;
			buildSettings = {
				BUNDLE_LOADER = "$(BUILT_PRODUCTS_DIR)/KarenPad.app/KarenPad";
				FRAMEWORK_SEARCH_PATHS = (
					"$(SDKROOT)/Developer/Library/Frameworks",
					"$(DEVELOPER_LIBRARY_DIR)/Frameworks",
				);
				GCC_PRECOMPILE_PREFIX_HEADER = YES;
				GCC_PREFIX_HEADER = "KarenPad/KarenPad-Prefix.pch";
				INFOPLIST_FILE = "KarenPadTests/KarenPadTests-Info.plist";
				PRODUCT_NAME = "$(TARGET_NAME)";
				TEST_HOST = "$(BUNDLE_LOADER)";
				WRAPPER_EXTENSION = octest;
			};
			name = Debug;
		};
		158E817B15BDFA3100F86018 /* Release */ = {
			isa = XCBuildConfiguration;
			buildSettings = {
				BUNDLE_LOADER = "$(BUILT_PRODUCTS_DIR)/KarenPad.app/KarenPad";
				FRAMEWORK_SEARCH_PATHS = (
					"$(SDKROOT)/Developer/Library/Frameworks",
					"$(DEVELOPER_LIBRARY_DIR)/Frameworks",
				);
				GCC_PRECOMPILE_PREFIX_HEADER = YES;
				GCC_PREFIX_HEADER = "KarenPad/KarenPad-Prefix.pch";
				INFOPLIST_FILE = "KarenPadTests/KarenPadTests-Info.plist";
				PRODUCT_NAME = "$(TARGET_NAME)";
				TEST_HOST = "$(BUNDLE_LOADER)";
				WRAPPER_EXTENSION = octest;
			};
			name = Release;
		};
/* End XCBuildConfiguration section */

/* Begin XCConfigurationList section */
		158E813A15BDFA3100F86018 /* Build configuration list for PBXProject "KarenPad" */ = {
			isa = XCConfigurationList;
			buildConfigurations = (
				158E817415BDFA3100F86018 /* Debug */,
				158E817515BDFA3100F86018 /* Release */,
			);
			defaultConfigurationIsVisible = 0;
			defaultConfigurationName = Release;
		};
		158E817615BDFA3100F86018 /* Build configuration list for PBXNativeTarget "KarenPad" */ = {
			isa = XCConfigurationList;
			buildConfigurations = (
				158E817715BDFA3100F86018 /* Debug */,
				158E817815BDFA3100F86018 /* Release */,
			);
			defaultConfigurationIsVisible = 0;
			defaultConfigurationName = Release;
		};
		158E817915BDFA3100F86018 /* Build configuration list for PBXNativeTarget "KarenPadTests" */ = {
			isa = XCConfigurationList;
			buildConfigurations = (
				158E817A15BDFA3100F86018 /* Debug */,
				158E817B15BDFA3100F86018 /* Release */,
			);
			defaultConfigurationIsVisible = 0;
			defaultConfigurationName = Release;
		};
/* End XCConfigurationList section */
	};
	rootObject = 158E813715BDFA3100F86018 /* Project object */;
}
